
Microsoft Visual Studio Solution File, Format Version 12.00
# Visual Studio 15
VisualStudioVersion = 15.0.26430.6
MinimumVisualStudioVersion = 10.0.40219.1
Project("{9A19103F-16F7-4668-BE54-9A1E7A4F7556}") = "WiMigrator", "WiMigrator\WiMigrator.csproj", "{B81E3306-3F10-48C4-9D23-C5775884BC31}"
EndProject
Project("{FAE04EC0-301F-11D3-BF4B-00C04F79EFBC}") = "UnitTests", "UnitTests\UnitTests.csproj", "{F11B2357-454C-4630-82F2-4F8145C35E45}"
EndProject
Project("{FAE04EC0-301F-11D3-BF4B-00C04F79EFBC}") = "Logging", "Logging\Logging.csproj", "{B92E60AB-DE47-44A1-81B8-E6C89155EC3C}"
EndProject
Project("{FAE04EC0-301F-11D3-BF4B-00C04F79EFBC}") = "Common", "Common\Common.csproj", "{3ACD2A9A-09D3-4803-BE37-AD21C0CCE594}"
EndProject
Global
	GlobalSection(SolutionConfigurationPlatforms) = preSolution
		Debug|Any CPU = Debug|Any CPU
		Release|Any CPU = Release|Any CPU
	EndGlobalSection
	GlobalSection(ProjectConfigurationPlatforms) = postSolution
		{B81E3306-3F10-48C4-9D23-C5775884BC31}.Debug|Any CPU.ActiveCfg = Debug|Any CPU
		{B81E3306-3F10-48C4-9D23-C5775884BC31}.Debug|Any CPU.Build.0 = Debug|Any CPU
		{B81E3306-3F10-48C4-9D23-C5775884BC31}.Release|Any CPU.ActiveCfg = Release|Any CPU
		{B81E3306-3F10-48C4-9D23-C5775884BC31}.Release|Any CPU.Build.0 = Release|Any CPU
		{F11B2357-454C-4630-82F2-4F8145C35E45}.Debug|Any CPU.ActiveCfg = Debug|Any CPU
		{F11B2357-454C-4630-82F2-4F8145C35E45}.Debug|Any CPU.Build.0 = Debug|Any CPU
		{F11B2357-454C-4630-82F2-4F8145C35E45}.Release|Any CPU.ActiveCfg = Release|Any CPU
		{F11B2357-454C-4630-82F2-4F8145C35E45}.Release|Any CPU.Build.0 = Release|Any CPU
		{B92E60AB-DE47-44A1-81B8-E6C89155EC3C}.Debug|Any CPU.ActiveCfg = Debug|Any CPU
		{B92E60AB-DE47-44A1-81B8-E6C89155EC3C}.Debug|Any CPU.Build.0 = Debug|Any CPU
		{B92E60AB-DE47-44A1-81B8-E6C89155EC3C}.Release|Any CPU.ActiveCfg = Release|Any CPU
		{B92E60AB-DE47-44A1-81B8-E6C89155EC3C}.Release|Any CPU.Build.0 = Release|Any CPU
		{3ACD2A9A-09D3-4803-BE37-AD21C0CCE594}.Debug|Any CPU.ActiveCfg = Debug|Any CPU
		{3ACD2A9A-09D3-4803-BE37-AD21C0CCE594}.Debug|Any CPU.Build.0 = Debug|Any CPU
		{3ACD2A9A-09D3-4803-BE37-AD21C0CCE594}.Release|Any CPU.ActiveCfg = Release|Any CPU
		{3ACD2A9A-09D3-4803-BE37-AD21C0CCE594}.Release|Any CPU.Build.0 = Release|Any CPU
	EndGlobalSection
	GlobalSection(SolutionProperties) = preSolution
		HideSolutionNode = FALSE
	EndGlobalSection
EndGlobal
